
Microsoft Visual Studio Solution File, Format Version 12.00
# Visual Studio Version 16
VisualStudioVersion = 16.0.33927.289
MinimumVisualStudioVersion = 10.0.40219.1
Project("{FAE04EC0-301F-11D3-BF4B-00C04F79EFBC}") = "BTL_QuanLyNhaTro", "BTL_QuanLyNhaTro\BTL_QuanLyNhaTro.csproj", "{AD57A38F-6B2A-481A-9845-7A05B7BD2ECA}"
EndProject
Global
	GlobalSection(SolutionConfigurationPlatforms) = preSolution
		Debug|Any CPU = Debug|Any CPU
		Release|Any CPU = Release|Any CPU
	EndGlobalSection
	GlobalSection(ProjectConfigurationPlatforms) = postSolution
		{AD57A38F-6B2A-481A-9845-7A05B7BD2ECA}.Debug|Any CPU.ActiveCfg = Debug|Any CPU
		{AD57A38F-6B2A-481A-9845-7A05B7BD2ECA}.Debug|Any CPU.Build.0 = Debug|Any CPU
		{AD57A38F-6B2A-481A-9845-7A05B7BD2ECA}.Release|Any CPU.ActiveCfg = Release|Any CPU
		{AD57A38F-6B2A-481A-9845-7A05B7BD2ECA}.Release|Any CPU.Build.0 = Release|Any CPU
	EndGlobalSection
	GlobalSection(SolutionProperties) = preSolution
		HideSolutionNode = FALSE
	EndGlobalSection
	GlobalSection(ExtensibilityGlobals) = postSolution
		SolutionGuid = {9B240E8A-37B4-4399-B12A-A6FA591BFA20}
	EndGlobalSection
EndGlobal
